
Microsoft Visual Studio Solution File, Format Version 12.00
# Visual Studio Version 16
VisualStudioVersion = 16.0.29519.87
MinimumVisualStudioVersion = 10.0.40219.1
Project("{FAE04EC0-301F-11D3-BF4B-00C04F79EFBC}") = "ECommerceWebAPI", "ECommerceWebAPI\ECommerceWebAPI.csproj", "{5B9635BD-DE02-4B0C-B36F-D6F34EB4FEBB}"
EndProject
Global
	GlobalSection(SolutionConfigurationPlatforms) = preSolution
		Debug|Any CPU = Debug|Any CPU
		Release|Any CPU = Release|Any CPU
	EndGlobalSection
	GlobalSection(ProjectConfigurationPlatforms) = postSolution
		{5B9635BD-DE02-4B0C-B36F-D6F34EB4FEBB}.Debug|Any CPU.ActiveCfg = Debug|Any CPU
		{5B9635BD-DE02-4B0C-B36F-D6F34EB4FEBB}.Debug|Any CPU.Build.0 = Debug|Any CPU
		{5B9635BD-DE02-4B0C-B36F-D6F34EB4FEBB}.Release|Any CPU.ActiveCfg = Release|Any CPU
		{5B9635BD-DE02-4B0C-B36F-D6F34EB4FEBB}.Release|Any CPU.Build.0 = Release|Any CPU
	EndGlobalSection
	GlobalSection(SolutionProperties) = preSolution
		HideSolutionNode = FALSE
	EndGlobalSection
	GlobalSection(ExtensibilityGlobals) = postSolution
		SolutionGuid = {09D95DDF-2251-47F8-95AB-158520F9BC22}
	EndGlobalSection
EndGlobal
